// !$*UTF8*$!
{
	archiveVersion = 1;
	classes = {
	};
	objectVersion = 51;
	objects = {

/* Begin PBXBuildFile section */
		0435856B28461E3C007B4902 /* OutlineTextfield+.swift in Sources */ = {isa = PBXBuildFile; fileRef = 0435856A28461E3C007B4902 /* OutlineTextfield+.swift */; };
		0435856D28461ED5007B4902 /* Constants.swift in Sources */ = {isa = PBXBuildFile; fileRef = 0435856C28461ED5007B4902 /* Constants.swift */; };
		04A8123D2834A8C600227F6C /* AppDelegate.swift in Sources */ = {isa = PBXBuildFile; fileRef = 04A8123C2834A8C600227F6C /* AppDelegate.swift */; };
		04A8123F2834A8C600227F6C /* Podfile in Resources */ = {isa = PBXBuildFile; fileRef = 04A8123E2834A8C600227F6C /* Podfile */; };
		04A812412834A8C600227F6C /* .swiftlint.yml in Resources */ = {isa = PBXBuildFile; fileRef = 04A812402834A8C600227F6C /* .swiftlint.yml */; };
		04A812432834A8C600227F6C /* Assembler.swift in Sources */ = {isa = PBXBuildFile; fileRef = 04A812422834A8C600227F6C /* Assembler.swift */; };
		04A812452834A8C600227F6C /* UnitTestViewController.swift in Sources */ = {isa = PBXBuildFile; fileRef = 04A812442834A8C600227F6C /* UnitTestViewController.swift */; };
		04A812482834A8C600227F6C /* APIUrls.swift in Sources */ = {isa = PBXBuildFile; fileRef = 04A812472834A8C600227F6C /* APIUrls.swift */; };
		04A8124C2834A8C600227F6C /* Entity.md in Resources */ = {isa = PBXBuildFile; fileRef = 04A8124B2834A8C600227F6C /* Entity.md */; };
		04A8124F2834A8C600227F6C /* UseCase.md in Resources */ = {isa = PBXBuildFile; fileRef = 04A8124E2834A8C600227F6C /* UseCase.md */; };
		04A812532834A8C600227F6C /* APIError.swift in Sources */ = {isa = PBXBuildFile; fileRef = 04A812522834A8C600227F6C /* APIError.swift */; };
		04A812552834A8C600227F6C /* APIInput.swift in Sources */ = {isa = PBXBuildFile; fileRef = 04A812542834A8C600227F6C /* APIInput.swift */; };
		04A812572834A8C600227F6C /* APIOutput.swift in Sources */ = {isa = PBXBuildFile; fileRef = 04A812562834A8C600227F6C /* APIOutput.swift */; };
		04A812592834A8C600227F6C /* APIService.swift in Sources */ = {isa = PBXBuildFile; fileRef = 04A812582834A8C600227F6C /* APIService.swift */; };
		04A8125C2834A8C600227F6C /* GatewaysAssembler.swift in Sources */ = {isa = PBXBuildFile; fileRef = 04A8125B2834A8C600227F6C /* GatewaysAssembler.swift */; };
		04A8125F2834A8C600227F6C /* Storyboards.swift in Sources */ = {isa = PBXBuildFile; fileRef = 04A8125E2834A8C600227F6C /* Storyboards.swift */; };
		04A812622834A8C600227F6C /* AppAssembler.swift in Sources */ = {isa = PBXBuildFile; fileRef = 04A812612834A8C600227F6C /* AppAssembler.swift */; };
		04A812642834A8C600227F6C /* AppNavigator.swift in Sources */ = {isa = PBXBuildFile; fileRef = 04A812632834A8C600227F6C /* AppNavigator.swift */; };
		04A812662834A8C600227F6C /* AppUseCase.swift in Sources */ = {isa = PBXBuildFile; fileRef = 04A812652834A8C600227F6C /* AppUseCase.swift */; };
		04A812682834A8C600227F6C /* AppViewModel.swift in Sources */ = {isa = PBXBuildFile; fileRef = 04A812672834A8C600227F6C /* AppViewModel.swift */; };
		04A8126B2834A8C600227F6C /* Main.storyboard in Resources */ = {isa = PBXBuildFile; fileRef = 04A8126A2834A8C600227F6C /* Main.storyboard */; };
		04A8126D2834A8C600227F6C /* Storyboards+Main.swift in Sources */ = {isa = PBXBuildFile; fileRef = 04A8126C2834A8C600227F6C /* Storyboards+Main.swift */; };
		04A8126F2834A8C600227F6C /* MainAssembler.swift in Sources */ = {isa = PBXBuildFile; fileRef = 04A8126E2834A8C600227F6C /* MainAssembler.swift */; };
		04A812712834A8C600227F6C /* MainNavigator.swift in Sources */ = {isa = PBXBuildFile; fileRef = 04A812702834A8C600227F6C /* MainNavigator.swift */; };
		04A812732834A8C600227F6C /* MainUseCase.swift in Sources */ = {isa = PBXBuildFile; fileRef = 04A812722834A8C600227F6C /* MainUseCase.swift */; };
		04A812752834A8C600227F6C /* MainViewController.swift in Sources */ = {isa = PBXBuildFile; fileRef = 04A812742834A8C600227F6C /* MainViewController.swift */; };
		04A812772834A8C600227F6C /* MainViewModel.swift in Sources */ = {isa = PBXBuildFile; fileRef = 04A812762834A8C600227F6C /* MainViewModel.swift */; };
		04A8127A2834A8C600227F6C /* UIViewController+.swift in Sources */ = {isa = PBXBuildFile; fileRef = 04A812792834A8C600227F6C /* UIViewController+.swift */; };
		04A8127C2834A8C600227F6C /* UIViewController+Rx.swift in Sources */ = {isa = PBXBuildFile; fileRef = 04A8127B2834A8C600227F6C /* UIViewController+Rx.swift */; };
		04A8127E2834A8C800227F6C /* Assets.xcassets in Resources */ = {isa = PBXBuildFile; fileRef = 04A8127D2834A8C800227F6C /* Assets.xcassets */; };
		04A812812834A8C800227F6C /* LaunchScreen.storyboard in Resources */ = {isa = PBXBuildFile; fileRef = 04A8127F2834A8C800227F6C /* LaunchScreen.storyboard */; };
		04A8128C2834A8C900227F6C /* UndefineTests.swift in Sources */ = {isa = PBXBuildFile; fileRef = 04A8128B2834A8C900227F6C /* UndefineTests.swift */; };
		04A812972834A8C900227F6C /* UndefineUITests.swift in Sources */ = {isa = PBXBuildFile; fileRef = 04A812962834A8C900227F6C /* UndefineUITests.swift */; };
		04A812AA2834CB7300227F6C /* LoginAssembler.swift in Sources */ = {isa = PBXBuildFile; fileRef = 04A812A52834CB7300227F6C /* LoginAssembler.swift */; };
		04A812AB2834CB7300227F6C /* LoginNavigator.swift in Sources */ = {isa = PBXBuildFile; fileRef = 04A812A62834CB7300227F6C /* LoginNavigator.swift */; };
		04A812AC2834CB7300227F6C /* LoginUseCase.swift in Sources */ = {isa = PBXBuildFile; fileRef = 04A812A72834CB7300227F6C /* LoginUseCase.swift */; };
		04A812AD2834CB7300227F6C /* LoginViewController.swift in Sources */ = {isa = PBXBuildFile; fileRef = 04A812A82834CB7300227F6C /* LoginViewController.swift */; };
		04A812AE2834CB7300227F6C /* LoginViewModel.swift in Sources */ = {isa = PBXBuildFile; fileRef = 04A812A92834CB7300227F6C /* LoginViewModel.swift */; };
		04A812B02834CC2600227F6C /* Login.storyboard in Resources */ = {isa = PBXBuildFile; fileRef = 04A812AF2834CC2600227F6C /* Login.storyboard */; };
		04A812B22834ED9E00227F6C /* UIView+.swift in Sources */ = {isa = PBXBuildFile; fileRef = 04A812B12834ED9E00227F6C /* UIView+.swift */; };
		04A812B52834EF9400227F6C /* LoginView.swift in Sources */ = {isa = PBXBuildFile; fileRef = 04A812B42834EF9400227F6C /* LoginView.swift */; };
		04A812B72834EFAD00227F6C /* LoginView.xib in Resources */ = {isa = PBXBuildFile; fileRef = 04A812B62834EFAD00227F6C /* LoginView.xib */; };
		380F15E238A3E47720FC3B00 /* Pods_UndefineTests.framework in Frameworks */ = {isa = PBXBuildFile; fileRef = D77B6842575F0F9AEE85523B /* Pods_UndefineTests.framework */; };
		3E7CA188290B733B00DB9DB2 /* LocalAuthManager.swift in Sources */ = {isa = PBXBuildFile; fileRef = 3E7CA187290B733B00DB9DB2 /* LocalAuthManager.swift */; };
		3E7CA18A290B7F4A00DB9DB2 /* GMONotificationsManager.swift in Sources */ = {isa = PBXBuildFile; fileRef = 3E7CA189290B7F4A00DB9DB2 /* GMONotificationsManager.swift */; };
		3E7CA18C290B83A300DB9DB2 /* Bundle+.swift in Sources */ = {isa = PBXBuildFile; fileRef = 3E7CA18B290B83A300DB9DB2 /* Bundle+.swift */; };
		3E7CA18E290B841000DB9DB2 /* Date+.swift in Sources */ = {isa = PBXBuildFile; fileRef = 3E7CA18D290B841000DB9DB2 /* Date+.swift */; };
		3E7CA190290B848300DB9DB2 /* Image+.swift in Sources */ = {isa = PBXBuildFile; fileRef = 3E7CA18F290B848300DB9DB2 /* Image+.swift */; };
		C5E2B07577A3B43AF88FA36B /* Pods_Undefine.framework in Frameworks */ = {isa = PBXBuildFile; fileRef = A511BEE3CC60774FC9D26BD8 /* Pods_Undefine.framework */; };
/* End PBXBuildFile section */

/* Begin PBXContainerItemProxy section */
		04A812882834A8C900227F6C /* PBXContainerItemProxy */ = {
			isa = PBXContainerItemProxy;
			containerPortal = 04A812312834A8C600227F6C /* Project object */;
			proxyType = 1;
			remoteGlobalIDString = 04A812382834A8C600227F6C;
			remoteInfo = Undefine;
		};
		04A812932834A8C900227F6C /* PBXContainerItemProxy */ = {
			isa = PBXContainerItemProxy;
			containerPortal = 04A812312834A8C600227F6C /* Project object */;
			proxyType = 1;
			remoteGlobalIDString = 04A812382834A8C600227F6C;
			remoteInfo = Undefine;
		};
/* End PBXContainerItemProxy section */

/* Begin PBXFileReference section */
		0435856A28461E3C007B4902 /* OutlineTextfield+.swift */ = {isa = PBXFileReference; lastKnownFileType = sourcecode.swift; path = "OutlineTextfield+.swift"; sourceTree = "<group>"; };
		0435856C28461ED5007B4902 /* Constants.swift */ = {isa = PBXFileReference; lastKnownFileType = sourcecode.swift; path = Constants.swift; sourceTree = "<group>"; };
		04A812392834A8C600227F6C /* Undefine.app */ = {isa = PBXFileReference; explicitFileType = wrapper.application; includeInIndex = 0; path = Undefine.app; sourceTree = BUILT_PRODUCTS_DIR; };
		04A8123C2834A8C600227F6C /* AppDelegate.swift */ = {isa = PBXFileReference; lastKnownFileType = sourcecode.swift; path = AppDelegate.swift; sourceTree = "<group>"; };
		04A8123E2834A8C600227F6C /* Podfile */ = {isa = PBXFileReference; lastKnownFileType = text; name = Podfile; path = ../Podfile; sourceTree = "<group>"; xcLanguageSpecificationIdentifier = xcode.lang.ruby; };
		04A812402834A8C600227F6C /* .swiftlint.yml */ = {isa = PBXFileReference; lastKnownFileType = text.yaml; name = .swiftlint.yml; path = ../.swiftlint.yml; sourceTree = "<group>"; };
		04A812422834A8C600227F6C /* Assembler.swift */ = {isa = PBXFileReference; lastKnownFileType = sourcecode.swift; path = Assembler.swift; sourceTree = "<group>"; };
		04A812442834A8C600227F6C /* UnitTestViewController.swift */ = {isa = PBXFileReference; lastKnownFileType = sourcecode.swift; path = UnitTestViewController.swift; sourceTree = "<group>"; };
		04A812472834A8C600227F6C /* APIUrls.swift */ = {isa = PBXFileReference; lastKnownFileType = sourcecode.swift; path = APIUrls.swift; sourceTree = "<group>"; };
		04A8124B2834A8C600227F6C /* Entity.md */ = {isa = PBXFileReference; lastKnownFileType = net.daringfireball.markdown; path = Entity.md; sourceTree = "<group>"; };
		04A8124E2834A8C600227F6C /* UseCase.md */ = {isa = PBXFileReference; lastKnownFileType = net.daringfireball.markdown; path = UseCase.md; sourceTree = "<group>"; };
		04A812522834A8C600227F6C /* APIError.swift */ = {isa = PBXFileReference; lastKnownFileType = sourcecode.swift; path = APIError.swift; sourceTree = "<group>"; };
		04A812542834A8C600227F6C /* APIInput.swift */ = {isa = PBXFileReference; lastKnownFileType = sourcecode.swift; path = APIInput.swift; sourceTree = "<group>"; };
		04A812562834A8C600227F6C /* APIOutput.swift */ = {isa = PBXFileReference; lastKnownFileType = sourcecode.swift; path = APIOutput.swift; sourceTree = "<group>"; };
		04A812582834A8C600227F6C /* APIService.swift */ = {isa = PBXFileReference; lastKnownFileType = sourcecode.swift; path = APIService.swift; sourceTree = "<group>"; };
		04A8125B2834A8C600227F6C /* GatewaysAssembler.swift */ = {isa = PBXFileReference; lastKnownFileType = sourcecode.swift; path = GatewaysAssembler.swift; sourceTree = "<group>"; };
		04A8125E2834A8C600227F6C /* Storyboards.swift */ = {isa = PBXFileReference; lastKnownFileType = sourcecode.swift; path = Storyboards.swift; sourceTree = "<group>"; };
		04A812612834A8C600227F6C /* AppAssembler.swift */ = {isa = PBXFileReference; lastKnownFileType = sourcecode.swift; path = AppAssembler.swift; sourceTree = "<group>"; };
		04A812632834A8C600227F6C /* AppNavigator.swift */ = {isa = PBXFileReference; lastKnownFileType = sourcecode.swift; path = AppNavigator.swift; sourceTree = "<group>"; };
		04A812652834A8C600227F6C /* AppUseCase.swift */ = {isa = PBXFileReference; lastKnownFileType = sourcecode.swift; path = AppUseCase.swift; sourceTree = "<group>"; };
		04A812672834A8C600227F6C /* AppViewModel.swift */ = {isa = PBXFileReference; lastKnownFileType = sourcecode.swift; path = AppViewModel.swift; sourceTree = "<group>"; };
		04A8126A2834A8C600227F6C /* Main.storyboard */ = {isa = PBXFileReference; lastKnownFileType = file.storyboard; path = Main.storyboard; sourceTree = "<group>"; };
		04A8126C2834A8C600227F6C /* Storyboards+Main.swift */ = {isa = PBXFileReference; lastKnownFileType = sourcecode.swift; path = "Storyboards+Main.swift"; sourceTree = "<group>"; };
		04A8126E2834A8C600227F6C /* MainAssembler.swift */ = {isa = PBXFileReference; lastKnownFileType = sourcecode.swift; path = MainAssembler.swift; sourceTree = "<group>"; };
		04A812702834A8C600227F6C /* MainNavigator.swift */ = {isa = PBXFileReference; lastKnownFileType = sourcecode.swift; path = MainNavigator.swift; sourceTree = "<group>"; };
		04A812722834A8C600227F6C /* MainUseCase.swift */ = {isa = PBXFileReference; lastKnownFileType = sourcecode.swift; path = MainUseCase.swift; sourceTree = "<group>"; };
		04A812742834A8C600227F6C /* MainViewController.swift */ = {isa = PBXFileReference; lastKnownFileType = sourcecode.swift; path = MainViewController.swift; sourceTree = "<group>"; };
		04A812762834A8C600227F6C /* MainViewModel.swift */ = {isa = PBXFileReference; lastKnownFileType = sourcecode.swift; path = MainViewModel.swift; sourceTree = "<group>"; };
		04A812792834A8C600227F6C /* UIViewController+.swift */ = {isa = PBXFileReference; lastKnownFileType = sourcecode.swift; path = "UIViewController+.swift"; sourceTree = "<group>"; };
		04A8127B2834A8C600227F6C /* UIViewController+Rx.swift */ = {isa = PBXFileReference; lastKnownFileType = sourcecode.swift; path = "UIViewController+Rx.swift"; sourceTree = "<group>"; };
		04A8127D2834A8C800227F6C /* Assets.xcassets */ = {isa = PBXFileReference; lastKnownFileType = folder.assetcatalog; path = Assets.xcassets; sourceTree = "<group>"; };
		04A812802834A8C800227F6C /* Base */ = {isa = PBXFileReference; lastKnownFileType = file.storyboard; name = Base; path = Base.lproj/LaunchScreen.storyboard; sourceTree = "<group>"; };
		04A812822834A8C800227F6C /* Info.plist */ = {isa = PBXFileReference; lastKnownFileType = text.plist.xml; path = Info.plist; sourceTree = "<group>"; };
		04A812872834A8C900227F6C /* UndefineTests.xctest */ = {isa = PBXFileReference; explicitFileType = wrapper.cfbundle; includeInIndex = 0; path = UndefineTests.xctest; sourceTree = BUILT_PRODUCTS_DIR; };
		04A8128B2834A8C900227F6C /* UndefineTests.swift */ = {isa = PBXFileReference; lastKnownFileType = sourcecode.swift; path = UndefineTests.swift; sourceTree = "<group>"; };
		04A8128D2834A8C900227F6C /* Info.plist */ = {isa = PBXFileReference; lastKnownFileType = text.plist.xml; path = Info.plist; sourceTree = "<group>"; };
		04A812922834A8C900227F6C /* UndefineUITests.xctest */ = {isa = PBXFileReference; explicitFileType = wrapper.cfbundle; includeInIndex = 0; path = UndefineUITests.xctest; sourceTree = BUILT_PRODUCTS_DIR; };
		04A812962834A8C900227F6C /* UndefineUITests.swift */ = {isa = PBXFileReference; lastKnownFileType = sourcecode.swift; path = UndefineUITests.swift; sourceTree = "<group>"; };
		04A812982834A8C900227F6C /* Info.plist */ = {isa = PBXFileReference; lastKnownFileType = text.plist.xml; path = Info.plist; sourceTree = "<group>"; };
		04A812A52834CB7300227F6C /* LoginAssembler.swift */ = {isa = PBXFileReference; lastKnownFileType = sourcecode.swift; path = LoginAssembler.swift; sourceTree = "<group>"; };
		04A812A62834CB7300227F6C /* LoginNavigator.swift */ = {isa = PBXFileReference; lastKnownFileType = sourcecode.swift; path = LoginNavigator.swift; sourceTree = "<group>"; };
		04A812A72834CB7300227F6C /* LoginUseCase.swift */ = {isa = PBXFileReference; lastKnownFileType = sourcecode.swift; path = LoginUseCase.swift; sourceTree = "<group>"; };
		04A812A82834CB7300227F6C /* LoginViewController.swift */ = {isa = PBXFileReference; lastKnownFileType = sourcecode.swift; path = LoginViewController.swift; sourceTree = "<group>"; };
		04A812A92834CB7300227F6C /* LoginViewModel.swift */ = {isa = PBXFileReference; lastKnownFileType = sourcecode.swift; path = LoginViewModel.swift; sourceTree = "<group>"; };
		04A812AF2834CC2600227F6C /* Login.storyboard */ = {isa = PBXFileReference; lastKnownFileType = file.storyboard; path = Login.storyboard; sourceTree = "<group>"; };
		04A812B12834ED9E00227F6C /* UIView+.swift */ = {isa = PBXFileReference; lastKnownFileType = sourcecode.swift; path = "UIView+.swift"; sourceTree = "<group>"; };
		04A812B42834EF9400227F6C /* LoginView.swift */ = {isa = PBXFileReference; lastKnownFileType = sourcecode.swift; path = LoginView.swift; sourceTree = "<group>"; };
		04A812B62834EFAD00227F6C /* LoginView.xib */ = {isa = PBXFileReference; lastKnownFileType = file.xib; path = LoginView.xib; sourceTree = "<group>"; };
		0BD684D8ED5BE755C23C5042 /* Pods-Undefine.release.xcconfig */ = {isa = PBXFileReference; includeInIndex = 1; lastKnownFileType = text.xcconfig; name = "Pods-Undefine.release.xcconfig"; path = "Target Support Files/Pods-Undefine/Pods-Undefine.release.xcconfig"; sourceTree = "<group>"; };
		3E7CA187290B733B00DB9DB2 /* LocalAuthManager.swift */ = {isa = PBXFileReference; lastKnownFileType = sourcecode.swift; path = LocalAuthManager.swift; sourceTree = "<group>"; };
		3E7CA189290B7F4A00DB9DB2 /* GMONotificationsManager.swift */ = {isa = PBXFileReference; lastKnownFileType = sourcecode.swift; path = GMONotificationsManager.swift; sourceTree = "<group>"; };
		3E7CA18B290B83A300DB9DB2 /* Bundle+.swift */ = {isa = PBXFileReference; lastKnownFileType = sourcecode.swift; path = "Bundle+.swift"; sourceTree = "<group>"; };
		3E7CA18D290B841000DB9DB2 /* Date+.swift */ = {isa = PBXFileReference; lastKnownFileType = sourcecode.swift; path = "Date+.swift"; sourceTree = "<group>"; };
		3E7CA18F290B848300DB9DB2 /* Image+.swift */ = {isa = PBXFileReference; lastKnownFileType = sourcecode.swift; path = "Image+.swift"; sourceTree = "<group>"; };
		4C0DDEC48A733283F51B1418 /* Pods-Undefine.debug.xcconfig */ = {isa = PBXFileReference; includeInIndex = 1; lastKnownFileType = text.xcconfig; name = "Pods-Undefine.debug.xcconfig"; path = "Target Support Files/Pods-Undefine/Pods-Undefine.debug.xcconfig"; sourceTree = "<group>"; };
		A511BEE3CC60774FC9D26BD8 /* Pods_Undefine.framework */ = {isa = PBXFileReference; explicitFileType = wrapper.framework; includeInIndex = 0; path = Pods_Undefine.framework; sourceTree = BUILT_PRODUCTS_DIR; };
		C98987FAD3C5F49269249264 /* Pods-UndefineTests.release.xcconfig */ = {isa = PBXFileReference; includeInIndex = 1; lastKnownFileType = text.xcconfig; name = "Pods-UndefineTests.release.xcconfig"; path = "Target Support Files/Pods-UndefineTests/Pods-UndefineTests.release.xcconfig"; sourceTree = "<group>"; };
		D77B6842575F0F9AEE85523B /* Pods_UndefineTests.framework */ = {isa = PBXFileReference; explicitFileType = wrapper.framework; includeInIndex = 0; path = Pods_UndefineTests.framework; sourceTree = BUILT_PRODUCTS_DIR; };
		D831CF86958214783196BB1B /* Pods-UndefineTests.debug.xcconfig */ = {isa = PBXFileReference; includeInIndex = 1; lastKnownFileType = text.xcconfig; name = "Pods-UndefineTests.debug.xcconfig"; path = "Target Support Files/Pods-UndefineTests/Pods-UndefineTests.debug.xcconfig"; sourceTree = "<group>"; };
/* End PBXFileReference section */

/* Begin PBXFrameworksBuildPhase section */
		04A812362834A8C600227F6C /* Frameworks */ = {
			isa = PBXFrameworksBuildPhase;
			buildActionMask = 2147483647;
			files = (
				C5E2B07577A3B43AF88FA36B /* Pods_Undefine.framework in Frameworks */,
			);
			runOnlyForDeploymentPostprocessing = 0;
		};
		04A812842834A8C900227F6C /* Frameworks */ = {
			isa = PBXFrameworksBuildPhase;
			buildActionMask = 2147483647;
			files = (
				380F15E238A3E47720FC3B00 /* Pods_UndefineTests.framework in Frameworks */,
			);
			runOnlyForDeploymentPostprocessing = 0;
		};
		04A8128F2834A8C900227F6C /* Frameworks */ = {
			isa = PBXFrameworksBuildPhase;
			buildActionMask = 2147483647;
			files = (
			);
			runOnlyForDeploymentPostprocessing = 0;
		};
/* End PBXFrameworksBuildPhase section */

/* Begin PBXGroup section */
		04A812302834A8C600227F6C = {
			isa = PBXGroup;
			children = (
				04A8123B2834A8C600227F6C /* Undefine */,
				04A8128A2834A8C900227F6C /* UndefineTests */,
				04A812952834A8C900227F6C /* UndefineUITests */,
				04A8123A2834A8C600227F6C /* Products */,
				AEDE708E7E6BD4063A66637D /* Pods */,
				CE2CB17101FF53BC29D6ABAB /* Frameworks */,
			);
			sourceTree = "<group>";
		};
		04A8123A2834A8C600227F6C /* Products */ = {
			isa = PBXGroup;
			children = (
				04A812392834A8C600227F6C /* Undefine.app */,
				04A812872834A8C900227F6C /* UndefineTests.xctest */,
				04A812922834A8C900227F6C /* UndefineUITests.xctest */,
			);
			name = Products;
			sourceTree = "<group>";
		};
		04A8123B2834A8C600227F6C /* Undefine */ = {
			isa = PBXGroup;
			children = (
				3E7CA186290B731F00DB9DB2 /* Common */,
				04A8123C2834A8C600227F6C /* AppDelegate.swift */,
				04A8123E2834A8C600227F6C /* Podfile */,
				04A812402834A8C600227F6C /* .swiftlint.yml */,
				04A812422834A8C600227F6C /* Assembler.swift */,
				04A812442834A8C600227F6C /* UnitTestViewController.swift */,
				04A8127D2834A8C800227F6C /* Assets.xcassets */,
				04A8127F2834A8C800227F6C /* LaunchScreen.storyboard */,
				04A812822834A8C800227F6C /* Info.plist */,
				04A812462834A8C600227F6C /* Config */,
				04A812492834A8C600227F6C /* Domain */,
				04A812502834A8C600227F6C /* Data */,
				04A8125D2834A8C600227F6C /* Scenes */,
				04A812782834A8C600227F6C /* Extensions */,
			);
			path = Undefine;
			sourceTree = "<group>";
		};
		04A812462834A8C600227F6C /* Config */ = {
			isa = PBXGroup;
			children = (
				04A812472834A8C600227F6C /* APIUrls.swift */,
				0435856C28461ED5007B4902 /* Constants.swift */,
			);
			path = Config;
			sourceTree = "<group>";
		};
		04A812492834A8C600227F6C /* Domain */ = {
			isa = PBXGroup;
			children = (
				04A8124A2834A8C600227F6C /* Entities */,
				04A8124D2834A8C600227F6C /* UseCases */,
			);
			path = Domain;
			sourceTree = "<group>";
		};
		04A8124A2834A8C600227F6C /* Entities */ = {
			isa = PBXGroup;
			children = (
				04A8124B2834A8C600227F6C /* Entity.md */,
			);
			path = Entities;
			sourceTree = "<group>";
		};
		04A8124D2834A8C600227F6C /* UseCases */ = {
			isa = PBXGroup;
			children = (
				04A8124E2834A8C600227F6C /* UseCase.md */,
			);
			path = UseCases;
			sourceTree = "<group>";
		};
		04A812502834A8C600227F6C /* Data */ = {
			isa = PBXGroup;
			children = (
				04A812512834A8C600227F6C /* API */,
				04A8125A2834A8C600227F6C /* Gateways */,
			);
			path = Data;
			sourceTree = "<group>";
		};
		04A812512834A8C600227F6C /* API */ = {
			isa = PBXGroup;
			children = (
				04A812522834A8C600227F6C /* APIError.swift */,
				04A812542834A8C600227F6C /* APIInput.swift */,
				04A812562834A8C600227F6C /* APIOutput.swift */,
				04A812582834A8C600227F6C /* APIService.swift */,
			);
			path = API;
			sourceTree = "<group>";
		};
		04A8125A2834A8C600227F6C /* Gateways */ = {
			isa = PBXGroup;
			children = (
				04A8125B2834A8C600227F6C /* GatewaysAssembler.swift */,
			);
			path = Gateways;
			sourceTree = "<group>";
		};
		04A8125D2834A8C600227F6C /* Scenes */ = {
			isa = PBXGroup;
			children = (
				04A812A42834CB5C00227F6C /* Login */,
				04A8125E2834A8C600227F6C /* Storyboards.swift */,
				04A812602834A8C600227F6C /* App */,
				04A812692834A8C600227F6C /* Main */,
			);
			path = Scenes;
			sourceTree = "<group>";
		};
		04A812602834A8C600227F6C /* App */ = {
			isa = PBXGroup;
			children = (
				04A812612834A8C600227F6C /* AppAssembler.swift */,
				04A812632834A8C600227F6C /* AppNavigator.swift */,
				04A812652834A8C600227F6C /* AppUseCase.swift */,
				04A812672834A8C600227F6C /* AppViewModel.swift */,
			);
			path = App;
			sourceTree = "<group>";
		};
		04A812692834A8C600227F6C /* Main */ = {
			isa = PBXGroup;
			children = (
				04A8126A2834A8C600227F6C /* Main.storyboard */,
				04A8126C2834A8C600227F6C /* Storyboards+Main.swift */,
				04A8126E2834A8C600227F6C /* MainAssembler.swift */,
				04A812702834A8C600227F6C /* MainNavigator.swift */,
				04A812722834A8C600227F6C /* MainUseCase.swift */,
				04A812742834A8C600227F6C /* MainViewController.swift */,
				04A812762834A8C600227F6C /* MainViewModel.swift */,
			);
			path = Main;
			sourceTree = "<group>";
		};
		04A812782834A8C600227F6C /* Extensions */ = {
			isa = PBXGroup;
			children = (
				04A812792834A8C600227F6C /* UIViewController+.swift */,
				04A8127B2834A8C600227F6C /* UIViewController+Rx.swift */,
				04A812B12834ED9E00227F6C /* UIView+.swift */,
				0435856A28461E3C007B4902 /* OutlineTextfield+.swift */,
				3E7CA18B290B83A300DB9DB2 /* Bundle+.swift */,
				3E7CA18D290B841000DB9DB2 /* Date+.swift */,
				3E7CA18F290B848300DB9DB2 /* Image+.swift */,
			);
			path = Extensions;
			sourceTree = "<group>";
		};
		04A8128A2834A8C900227F6C /* UndefineTests */ = {
			isa = PBXGroup;
			children = (
				04A8128B2834A8C900227F6C /* UndefineTests.swift */,
				04A8128D2834A8C900227F6C /* Info.plist */,
			);
			path = UndefineTests;
			sourceTree = "<group>";
		};
		04A812952834A8C900227F6C /* UndefineUITests */ = {
			isa = PBXGroup;
			children = (
				04A812962834A8C900227F6C /* UndefineUITests.swift */,
				04A812982834A8C900227F6C /* Info.plist */,
			);
			path = UndefineUITests;
			sourceTree = "<group>";
		};
		04A812A42834CB5C00227F6C /* Login */ = {
			isa = PBXGroup;
			children = (
				04A812B32834EF7500227F6C /* View */,
				04A812A52834CB7300227F6C /* LoginAssembler.swift */,
				04A812A62834CB7300227F6C /* LoginNavigator.swift */,
				04A812A72834CB7300227F6C /* LoginUseCase.swift */,
				04A812A82834CB7300227F6C /* LoginViewController.swift */,
				04A812A92834CB7300227F6C /* LoginViewModel.swift */,
				04A812AF2834CC2600227F6C /* Login.storyboard */,
			);
			path = Login;
			sourceTree = "<group>";
		};
		04A812B32834EF7500227F6C /* View */ = {
			isa = PBXGroup;
			children = (
				04A812B42834EF9400227F6C /* LoginView.swift */,
				04A812B62834EFAD00227F6C /* LoginView.xib */,
			);
			path = View;
			sourceTree = "<group>";
		};
		3E7CA186290B731F00DB9DB2 /* Common */ = {
			isa = PBXGroup;
			children = (
				3E7CA187290B733B00DB9DB2 /* LocalAuthManager.swift */,
				3E7CA189290B7F4A00DB9DB2 /* GMONotificationsManager.swift */,
			);
			path = Common;
			sourceTree = "<group>";
		};
		AEDE708E7E6BD4063A66637D /* Pods */ = {
			isa = PBXGroup;
			children = (
				4C0DDEC48A733283F51B1418 /* Pods-Undefine.debug.xcconfig */,
				0BD684D8ED5BE755C23C5042 /* Pods-Undefine.release.xcconfig */,
				D831CF86958214783196BB1B /* Pods-UndefineTests.debug.xcconfig */,
				C98987FAD3C5F49269249264 /* Pods-UndefineTests.release.xcconfig */,
			);
			path = Pods;
			sourceTree = "<group>";
		};
		CE2CB17101FF53BC29D6ABAB /* Frameworks */ = {
			isa = PBXGroup;
			children = (
				A511BEE3CC60774FC9D26BD8 /* Pods_Undefine.framework */,
				D77B6842575F0F9AEE85523B /* Pods_UndefineTests.framework */,
			);
			name = Frameworks;
			sourceTree = "<group>";
		};
/* End PBXGroup section */

/* Begin PBXNativeTarget section */
		04A812382834A8C600227F6C /* Undefine */ = {
			isa = PBXNativeTarget;
			buildConfigurationList = 04A8129B2834A8C900227F6C /* Build configuration list for PBXNativeTarget "Undefine" */;
			buildPhases = (
				81CA580307B20C0A596BC6F1 /* [CP] Check Pods Manifest.lock */,
				04A812352834A8C600227F6C /* Sources */,
				04A812362834A8C600227F6C /* Frameworks */,
				04A812372834A8C600227F6C /* Resources */,
				F9CF68AC20C5C41F4B26963A /* [CP] Embed Pods Frameworks */,
			);
			buildRules = (
			);
			dependencies = (
			);
			name = Undefine;
			productName = Undefine;
			productReference = 04A812392834A8C600227F6C /* Undefine.app */;
			productType = "com.apple.product-type.application";
		};
		04A812862834A8C900227F6C /* UndefineTests */ = {
			isa = PBXNativeTarget;
			buildConfigurationList = 04A8129E2834A8C900227F6C /* Build configuration list for PBXNativeTarget "UndefineTests" */;
			buildPhases = (
				D23F99FE9D02B7E8A0481A54 /* [CP] Check Pods Manifest.lock */,
				04A812832834A8C900227F6C /* Sources */,
				04A812842834A8C900227F6C /* Frameworks */,
				04A812852834A8C900227F6C /* Resources */,
				3B7CB53A4B5934A560825E75 /* [CP] Embed Pods Frameworks */,
			);
			buildRules = (
			);
			dependencies = (
				04A812892834A8C900227F6C /* PBXTargetDependency */,
			);
			name = UndefineTests;
			productName = UndefineTests;
			productReference = 04A812872834A8C900227F6C /* UndefineTests.xctest */;
			productType = "com.apple.product-type.bundle.unit-test";
		};
		04A812912834A8C900227F6C /* UndefineUITests */ = {
			isa = PBXNativeTarget;
			buildConfigurationList = 04A812A12834A8C900227F6C /* Build configuration list for PBXNativeTarget "UndefineUITests" */;
			buildPhases = (
				04A8128E2834A8C900227F6C /* Sources */,
				04A8128F2834A8C900227F6C /* Frameworks */,
				04A812902834A8C900227F6C /* Resources */,
			);
			buildRules = (
			);
			dependencies = (
				04A812942834A8C900227F6C /* PBXTargetDependency */,
			);
			name = UndefineUITests;
			productName = UndefineUITests;
			productReference = 04A812922834A8C900227F6C /* UndefineUITests.xctest */;
			productType = "com.apple.product-type.bundle.ui-testing";
		};
/* End PBXNativeTarget section */

/* Begin PBXProject section */
		04A812312834A8C600227F6C /* Project object */ = {
			isa = PBXProject;
			attributes = {
				LastSwiftUpdateCheck = 1250;
				LastUpgradeCheck = 1250;
				TargetAttributes = {
					04A812382834A8C600227F6C = {
						CreatedOnToolsVersion = 12.5.1;
					};
					04A812862834A8C900227F6C = {
						CreatedOnToolsVersion = 12.5.1;
						TestTargetID = 04A812382834A8C600227F6C;
					};
					04A812912834A8C900227F6C = {
						CreatedOnToolsVersion = 12.5.1;
						TestTargetID = 04A812382834A8C600227F6C;
					};
				};
			};
			buildConfigurationList = 04A812342834A8C600227F6C /* Build configuration list for PBXProject "Undefine" */;
			compatibilityVersion = "Xcode 9.3";
			developmentRegion = en;
			hasScannedForEncodings = 0;
			knownRegions = (
				en,
				Base,
			);
			mainGroup = 04A812302834A8C600227F6C;
			productRefGroup = 04A8123A2834A8C600227F6C /* Products */;
			projectDirPath = "";
			projectRoot = "";
			targets = (
				04A812382834A8C600227F6C /* Undefine */,
				04A812862834A8C900227F6C /* UndefineTests */,
				04A812912834A8C900227F6C /* UndefineUITests */,
			);
		};
/* End PBXProject section */

/* Begin PBXResourcesBuildPhase section */
		04A812372834A8C600227F6C /* Resources */ = {
			isa = PBXResourcesBuildPhase;
			buildActionMask = 2147483647;
			files = (
				04A8124C2834A8C600227F6C /* Entity.md in Resources */,
				04A8126B2834A8C600227F6C /* Main.storyboard in Resources */,
				04A812B72834EFAD00227F6C /* LoginView.xib in Resources */,
				04A812412834A8C600227F6C /* .swiftlint.yml in Resources */,
				04A812B02834CC2600227F6C /* Login.storyboard in Resources */,
				04A8124F2834A8C600227F6C /* UseCase.md in Resources */,
				04A812812834A8C800227F6C /* LaunchScreen.storyboard in Resources */,
				04A8127E2834A8C800227F6C /* Assets.xcassets in Resources */,
				04A8123F2834A8C600227F6C /* Podfile in Resources */,
			);
			runOnlyForDeploymentPostprocessing = 0;
		};
		04A812852834A8C900227F6C /* Resources */ = {
			isa = PBXResourcesBuildPhase;
			buildActionMask = 2147483647;
			files = (
			);
			runOnlyForDeploymentPostprocessing = 0;
		};
		04A812902834A8C900227F6C /* Resources */ = {
			isa = PBXResourcesBuildPhase;
			buildActionMask = 2147483647;
			files = (
			);
			runOnlyForDeploymentPostprocessing = 0;
		};
/* End PBXResourcesBuildPhase section */

/* Begin PBXShellScriptBuildPhase section */
		3B7CB53A4B5934A560825E75 /* [CP] Embed Pods Frameworks */ = {
			isa = PBXShellScriptBuildPhase;
			buildActionMask = 2147483647;
			files = (
			);
			inputFileListPaths = (
				"${PODS_ROOT}/Target Support Files/Pods-UndefineTests/Pods-UndefineTests-frameworks-${CONFIGURATION}-input-files.xcfilelist",
			);
			name = "[CP] Embed Pods Frameworks";
			outputFileListPaths = (
				"${PODS_ROOT}/Target Support Files/Pods-UndefineTests/Pods-UndefineTests-frameworks-${CONFIGURATION}-output-files.xcfilelist",
			);
			runOnlyForDeploymentPostprocessing = 0;
			shellPath = /bin/sh;
			shellScript = "\"${PODS_ROOT}/Target Support Files/Pods-UndefineTests/Pods-UndefineTests-frameworks.sh\"\n";
			showEnvVarsInLog = 0;
		};
		81CA580307B20C0A596BC6F1 /* [CP] Check Pods Manifest.lock */ = {
			isa = PBXShellScriptBuildPhase;
			buildActionMask = 2147483647;
			files = (
			);
			inputFileListPaths = (
			);
			inputPaths = (
				"${PODS_PODFILE_DIR_PATH}/Podfile.lock",
				"${PODS_ROOT}/Manifest.lock",
			);
			name = "[CP] Check Pods Manifest.lock";
			outputFileListPaths = (
			);
			outputPaths = (
				"$(DERIVED_FILE_DIR)/Pods-Undefine-checkManifestLockResult.txt",
			);
			runOnlyForDeploymentPostprocessing = 0;
			shellPath = /bin/sh;
			shellScript = "diff \"${PODS_PODFILE_DIR_PATH}/Podfile.lock\" \"${PODS_ROOT}/Manifest.lock\" > /dev/null\nif [ $? != 0 ] ; then\n    # print error to STDERR\n    echo \"error: The sandbox is not in sync with the Podfile.lock. Run 'pod install' or update your CocoaPods installation.\" >&2\n    exit 1\nfi\n# This output is used by Xcode 'outputs' to avoid re-running this script phase.\necho \"SUCCESS\" > \"${SCRIPT_OUTPUT_FILE_0}\"\n";
			showEnvVarsInLog = 0;
		};
		D23F99FE9D02B7E8A0481A54 /* [CP] Check Pods Manifest.lock */ = {
			isa = PBXShellScriptBuildPhase;
			buildActionMask = 2147483647;
			files = (
			);
			inputFileListPaths = (
			);
			inputPaths = (
				"${PODS_PODFILE_DIR_PATH}/Podfile.lock",
				"${PODS_ROOT}/Manifest.lock",
			);
			name = "[CP] Check Pods Manifest.lock";
			outputFileListPaths = (
			);
			outputPaths = (
				"$(DERIVED_FILE_DIR)/Pods-UndefineTests-checkManifestLockResult.txt",
			);
			runOnlyForDeploymentPostprocessing = 0;
			shellPath = /bin/sh;
			shellScript = "diff \"${PODS_PODFILE_DIR_PATH}/Podfile.lock\" \"${PODS_ROOT}/Manifest.lock\" > /dev/null\nif [ $? != 0 ] ; then\n    # print error to STDERR\n    echo \"error: The sandbox is not in sync with the Podfile.lock. Run 'pod install' or update your CocoaPods installation.\" >&2\n    exit 1\nfi\n# This output is used by Xcode 'outputs' to avoid re-running this script phase.\necho \"SUCCESS\" > \"${SCRIPT_OUTPUT_FILE_0}\"\n";
			showEnvVarsInLog = 0;
		};
		F9CF68AC20C5C41F4B26963A /* [CP] Embed Pods Frameworks */ = {
			isa = PBXShellScriptBuildPhase;
			buildActionMask = 2147483647;
			files = (
			);
			inputFileListPaths = (
				"${PODS_ROOT}/Target Support Files/Pods-Undefine/Pods-Undefine-frameworks-${CONFIGURATION}-input-files.xcfilelist",
			);
			name = "[CP] Embed Pods Frameworks";
			outputFileListPaths = (
				"${PODS_ROOT}/Target Support Files/Pods-Undefine/Pods-Undefine-frameworks-${CONFIGURATION}-output-files.xcfilelist",
			);
			runOnlyForDeploymentPostprocessing = 0;
			shellPath = /bin/sh;
			shellScript = "\"${PODS_ROOT}/Target Support Files/Pods-Undefine/Pods-Undefine-frameworks.sh\"\n";
			showEnvVarsInLog = 0;
		};
/* End PBXShellScriptBuildPhase section */

/* Begin PBXSourcesBuildPhase section */
		04A812352834A8C600227F6C /* Sources */ = {
			isa = PBXSourcesBuildPhase;
			buildActionMask = 2147483647;
			files = (
				04A812482834A8C600227F6C /* APIUrls.swift in Sources */,
				04A812B52834EF9400227F6C /* LoginView.swift in Sources */,
				04A8126F2834A8C600227F6C /* MainAssembler.swift in Sources */,
				04A812552834A8C600227F6C /* APIInput.swift in Sources */,
				04A812AB2834CB7300227F6C /* LoginNavigator.swift in Sources */,
				04A812AC2834CB7300227F6C /* LoginUseCase.swift in Sources */,
				04A812682834A8C600227F6C /* AppViewModel.swift in Sources */,
				3E7CA18E290B841000DB9DB2 /* Date+.swift in Sources */,
				04A8126D2834A8C600227F6C /* Storyboards+Main.swift in Sources */,
				04A812752834A8C600227F6C /* MainViewController.swift in Sources */,
				3E7CA188290B733B00DB9DB2 /* LocalAuthManager.swift in Sources */,
				0435856D28461ED5007B4902 /* Constants.swift in Sources */,
				04A812AE2834CB7300227F6C /* LoginViewModel.swift in Sources */,
				3E7CA190290B848300DB9DB2 /* Image+.swift in Sources */,
				0435856B28461E3C007B4902 /* OutlineTextfield+.swift in Sources */,
				04A812452834A8C600227F6C /* UnitTestViewController.swift in Sources */,
				04A812662834A8C600227F6C /* AppUseCase.swift in Sources */,
				04A812432834A8C600227F6C /* Assembler.swift in Sources */,
				04A812732834A8C600227F6C /* MainUseCase.swift in Sources */,
				04A8125C2834A8C600227F6C /* GatewaysAssembler.swift in Sources */,
				04A812642834A8C600227F6C /* AppNavigator.swift in Sources */,
				04A812712834A8C600227F6C /* MainNavigator.swift in Sources */,
				04A812B22834ED9E00227F6C /* UIView+.swift in Sources */,
				04A812572834A8C600227F6C /* APIOutput.swift in Sources */,
				04A812AA2834CB7300227F6C /* LoginAssembler.swift in Sources */,
				3E7CA18C290B83A300DB9DB2 /* Bundle+.swift in Sources */,
				04A8127A2834A8C600227F6C /* UIViewController+.swift in Sources */,
				04A812622834A8C600227F6C /* AppAssembler.swift in Sources */,
				04A812772834A8C600227F6C /* MainViewModel.swift in Sources */,
				04A8125F2834A8C600227F6C /* Storyboards.swift in Sources */,
				04A812532834A8C600227F6C /* APIError.swift in Sources */,
				04A812592834A8C600227F6C /* APIService.swift in Sources */,
				04A8127C2834A8C600227F6C /* UIViewController+Rx.swift in Sources */,
				04A812AD2834CB7300227F6C /* LoginViewController.swift in Sources */,
				04A8123D2834A8C600227F6C /* AppDelegate.swift in Sources */,
				3E7CA18A290B7F4A00DB9DB2 /* GMONotificationsManager.swift in Sources */,
			);
			runOnlyForDeploymentPostprocessing = 0;
		};
		04A812832834A8C900227F6C /* Sources */ = {
			isa = PBXSourcesBuildPhase;
			buildActionMask = 2147483647;
			files = (
				04A8128C2834A8C900227F6C /* UndefineTests.swift in Sources */,
			);
			runOnlyForDeploymentPostprocessing = 0;
		};
		04A8128E2834A8C900227F6C /* Sources */ = {
			isa = PBXSourcesBuildPhase;
			buildActionMask = 2147483647;
			files = (
				04A812972834A8C900227F6C /* UndefineUITests.swift in Sources */,
			);
			runOnlyForDeploymentPostprocessing = 0;
		};
/* End PBXSourcesBuildPhase section */

/* Begin PBXTargetDependency section */
		04A812892834A8C900227F6C /* PBXTargetDependency */ = {
			isa = PBXTargetDependency;
			target = 04A812382834A8C600227F6C /* Undefine */;
			targetProxy = 04A812882834A8C900227F6C /* PBXContainerItemProxy */;
		};
		04A812942834A8C900227F6C /* PBXTargetDependency */ = {
			isa = PBXTargetDependency;
			target = 04A812382834A8C600227F6C /* Undefine */;
			targetProxy = 04A812932834A8C900227F6C /* PBXContainerItemProxy */;
		};
/* End PBXTargetDependency section */

/* Begin PBXVariantGroup section */
		04A8127F2834A8C800227F6C /* LaunchScreen.storyboard */ = {
			isa = PBXVariantGroup;
			children = (
				04A812802834A8C800227F6C /* Base */,
			);
			name = LaunchScreen.storyboard;
			sourceTree = "<group>";
		};
/* End PBXVariantGroup section */

/* Begin XCBuildConfiguration section */
		04A812992834A8C900227F6C /* Debug */ = {
			isa = XCBuildConfiguration;
			buildSettings = {
				ALWAYS_SEARCH_USER_PATHS = NO;
				CLANG_ANALYZER_NONNULL = YES;
				CLANG_ANALYZER_NUMBER_OBJECT_CONVERSION = YES_AGGRESSIVE;
				CLANG_CXX_LANGUAGE_STANDARD = "gnu++14";
				CLANG_CXX_LIBRARY = "libc++";
				CLANG_ENABLE_MODULES = YES;
				CLANG_ENABLE_OBJC_ARC = YES;
				CLANG_ENABLE_OBJC_WEAK = YES;
				CLANG_WARN_BLOCK_CAPTURE_AUTORELEASING = YES;
				CLANG_WARN_BOOL_CONVERSION = YES;
				CLANG_WARN_COMMA = YES;
				CLANG_WARN_CONSTANT_CONVERSION = YES;
				CLANG_WARN_DEPRECATED_OBJC_IMPLEMENTATIONS = YES;
				CLANG_WARN_DIRECT_OBJC_ISA_USAGE = YES_ERROR;
				CLANG_WARN_DOCUMENTATION_COMMENTS = YES;
				CLANG_WARN_EMPTY_BODY = YES;
				CLANG_WARN_ENUM_CONVERSION = YES;
				CLANG_WARN_INFINITE_RECURSION = YES;
				CLANG_WARN_INT_CONVERSION = YES;
				CLANG_WARN_NON_LITERAL_NULL_CONVERSION = YES;
				CLANG_WARN_OBJC_IMPLICIT_RETAIN_SELF = YES;
				CLANG_WARN_OBJC_LITERAL_CONVERSION = YES;
				CLANG_WARN_OBJC_ROOT_CLASS = YES_ERROR;
				CLANG_WARN_QUOTED_INCLUDE_IN_FRAMEWORK_HEADER = YES;
				CLANG_WARN_RANGE_LOOP_ANALYSIS = YES;
				CLANG_WARN_STRICT_PROTOTYPES = YES;
				CLANG_WARN_SUSPICIOUS_MOVE = YES;
				CLANG_WARN_UNGUARDED_AVAILABILITY = YES_AGGRESSIVE;
				CLANG_WARN_UNREACHABLE_CODE = YES;
				CLANG_WARN__DUPLICATE_METHOD_MATCH = YES;
				COPY_PHASE_STRIP = NO;
				DEBUG_INFORMATION_FORMAT = dwarf;
				ENABLE_STRICT_OBJC_MSGSEND = YES;
				ENABLE_TESTABILITY = YES;
				GCC_C_LANGUAGE_STANDARD = gnu11;
				GCC_DYNAMIC_NO_PIC = NO;
				GCC_NO_COMMON_BLOCKS = YES;
				GCC_OPTIMIZATION_LEVEL = 0;
				GCC_PREPROCESSOR_DEFINITIONS = (
					"DEBUG=1",
					"$(inherited)",
				);
				GCC_WARN_64_TO_32_BIT_CONVERSION = YES;
				GCC_WARN_ABOUT_RETURN_TYPE = YES_ERROR;
				GCC_WARN_UNDECLARED_SELECTOR = YES;
				GCC_WARN_UNINITIALIZED_AUTOS = YES_AGGRESSIVE;
				GCC_WARN_UNUSED_FUNCTION = YES;
				GCC_WARN_UNUSED_VARIABLE = YES;
				IPHONEOS_DEPLOYMENT_TARGET = 12.0;
				MTL_ENABLE_DEBUG_INFO = INCLUDE_SOURCE;
				MTL_FAST_MATH = YES;
				ONLY_ACTIVE_ARCH = YES;
				SDKROOT = iphoneos;
				SWIFT_ACTIVE_COMPILATION_CONDITIONS = DEBUG;
				SWIFT_OPTIMIZATION_LEVEL = "-Onone";
			};
			name = Debug;
		};
		04A8129A2834A8C900227F6C /* Release */ = {
			isa = XCBuildConfiguration;
			buildSettings = {
				ALWAYS_SEARCH_USER_PATHS = NO;
				CLANG_ANALYZER_NONNULL = YES;
				CLANG_ANALYZER_NUMBER_OBJECT_CONVERSION = YES_AGGRESSIVE;
				CLANG_CXX_LANGUAGE_STANDARD = "gnu++14";
				CLANG_CXX_LIBRARY = "libc++";
				CLANG_ENABLE_MODULES = YES;
				CLANG_ENABLE_OBJC_ARC = YES;
				CLANG_ENABLE_OBJC_WEAK = YES;
				CLANG_WARN_BLOCK_CAPTURE_AUTORELEASING = YES;
				CLANG_WARN_BOOL_CONVERSION = YES;
				CLANG_WARN_COMMA = YES;
				CLANG_WARN_CONSTANT_CONVERSION = YES;
				CLANG_WARN_DEPRECATED_OBJC_IMPLEMENTATIONS = YES;
				CLANG_WARN_DIRECT_OBJC_ISA_USAGE = YES_ERROR;
				CLANG_WARN_DOCUMENTATION_COMMENTS = YES;
				CLANG_WARN_EMPTY_BODY = YES;
				CLANG_WARN_ENUM_CONVERSION = YES;
				CLANG_WARN_INFINITE_RECURSION = YES;
				CLANG_WARN_INT_CONVERSION = YES;
				CLANG_WARN_NON_LITERAL_NULL_CONVERSION = YES;
				CLANG_WARN_OBJC_IMPLICIT_RETAIN_SELF = YES;
				CLANG_WARN_OBJC_LITERAL_CONVERSION = YES;
				CLANG_WARN_OBJC_ROOT_CLASS = YES_ERROR;
				CLANG_WARN_QUOTED_INCLUDE_IN_FRAMEWORK_HEADER = YES;
				CLANG_WARN_RANGE_LOOP_ANALYSIS = YES;
				CLANG_WARN_STRICT_PROTOTYPES = YES;
				CLANG_WARN_SUSPICIOUS_MOVE = YES;
				CLANG_WARN_UNGUARDED_AVAILABILITY = YES_AGGRESSIVE;
				CLANG_WARN_UNREACHABLE_CODE = YES;
				CLANG_WARN__DUPLICATE_METHOD_MATCH = YES;
				COPY_PHASE_STRIP = NO;
				DEBUG_INFORMATION_FORMAT = "dwarf-with-dsym";
				ENABLE_NS_ASSERTIONS = NO;
				ENABLE_STRICT_OBJC_MSGSEND = YES;
				GCC_C_LANGUAGE_STANDARD = gnu11;
				GCC_NO_COMMON_BLOCKS = YES;
				GCC_WARN_64_TO_32_BIT_CONVERSION = YES;
				GCC_WARN_ABOUT_RETURN_TYPE = YES_ERROR;
				GCC_WARN_UNDECLARED_SELECTOR = YES;
				GCC_WARN_UNINITIALIZED_AUTOS = YES_AGGRESSIVE;
				GCC_WARN_UNUSED_FUNCTION = YES;
				GCC_WARN_UNUSED_VARIABLE = YES;
				IPHONEOS_DEPLOYMENT_TARGET = 12.0;
				MTL_ENABLE_DEBUG_INFO = NO;
				MTL_FAST_MATH = YES;
				SDKROOT = iphoneos;
				SWIFT_COMPILATION_MODE = wholemodule;
				SWIFT_OPTIMIZATION_LEVEL = "-O";
				VALIDATE_PRODUCT = YES;
			};
			name = Release;
		};
		04A8129C2834A8C900227F6C /* Debug */ = {
			isa = XCBuildConfiguration;
			baseConfigurationReference = 4C0DDEC48A733283F51B1418 /* Pods-Undefine.debug.xcconfig */;
			buildSettings = {
				ASSETCATALOG_COMPILER_APPICON_NAME = AppIcon;
				ASSETCATALOG_COMPILER_GLOBAL_ACCENT_COLOR_NAME = AccentColor;
				CODE_SIGN_STYLE = Automatic;
				DEVELOPMENT_TEAM = 27PFHM7YKU;
				INFOPLIST_FILE = Undefine/Info.plist;
				IPHONEOS_DEPLOYMENT_TARGET = 12.0;
				LD_RUNPATH_SEARCH_PATHS = (
					"$(inherited)",
					"@executable_path/Frameworks",
				);
				PRODUCT_BUNDLE_IDENTIFIER = khanh.thai.Undefine;
				PRODUCT_NAME = "$(TARGET_NAME)";
				SWIFT_VERSION = 5.0;
				TARGETED_DEVICE_FAMILY = 1;
			};
			name = Debug;
		};
		04A8129D2834A8C900227F6C /* Release */ = {
			isa = XCBuildConfiguration;
			baseConfigurationReference = 0BD684D8ED5BE755C23C5042 /* Pods-Undefine.release.xcconfig */;
			buildSettings = {
				ASSETCATALOG_COMPILER_APPICON_NAME = AppIcon;
				ASSETCATALOG_COMPILER_GLOBAL_ACCENT_COLOR_NAME = AccentColor;
				CODE_SIGN_STYLE = Automatic;
				DEVELOPMENT_TEAM = 27PFHM7YKU;
				INFOPLIST_FILE = Undefine/Info.plist;
				IPHONEOS_DEPLOYMENT_TARGET = 12.0;
				LD_RUNPATH_SEARCH_PATHS = (
					"$(inherited)",
					"@executable_path/Frameworks",
				);
				PRODUCT_BUNDLE_IDENTIFIER = khanh.thai.Undefine;
				PRODUCT_NAME = "$(TARGET_NAME)";
				SWIFT_VERSION = 5.0;
				TARGETED_DEVICE_FAMILY = 1;
			};
			name = Release;
		};
		04A8129F2834A8C900227F6C /* Debug */ = {
			isa = XCBuildConfiguration;
			baseConfigurationReference = D831CF86958214783196BB1B /* Pods-UndefineTests.debug.xcconfig */;
			buildSettings = {
				ALWAYS_EMBED_SWIFT_STANDARD_LIBRARIES = YES;
				BUNDLE_LOADER = "$(TEST_HOST)";
				CODE_SIGN_STYLE = Automatic;
				DEVELOPMENT_TEAM = 27PFHM7YKU;
				INFOPLIST_FILE = UndefineTests/Info.plist;
				IPHONEOS_DEPLOYMENT_TARGET = 14.5;
				LD_RUNPATH_SEARCH_PATHS = (
					"$(inherited)",
					"@executable_path/Frameworks",
					"@loader_path/Frameworks",
				);
				PRODUCT_BUNDLE_IDENTIFIER = khanh.thai.UndefineTests;
				PRODUCT_NAME = "$(TARGET_NAME)";
				SWIFT_VERSION = 5.0;
				TARGETED_DEVICE_FAMILY = "1,2";
				TEST_HOST = "$(BUILT_PRODUCTS_DIR)/Undefine.app/Undefine";
			};
			name = Debug;
		};
		04A812A02834A8C900227F6C /* Release */ = {
			isa = XCBuildConfiguration;
			baseConfigurationReference = C98987FAD3C5F49269249264 /* Pods-UndefineTests.release.xcconfig */;
			buildSettings = {
				ALWAYS_EMBED_SWIFT_STANDARD_LIBRARIES = YES;
				BUNDLE_LOADER = "$(TEST_HOST)";
				CODE_SIGN_STYLE = Automatic;
				DEVELOPMENT_TEAM = 27PFHM7YKU;
				INFOPLIST_FILE = UndefineTests/Info.plist;
				IPHONEOS_DEPLOYMENT_TARGET = 14.5;
				LD_RUNPATH_SEARCH_PATHS = (
					"$(inherited)",
					"@executable_path/Frameworks",
					"@loader_path/Frameworks",
				);
				PRODUCT_BUNDLE_IDENTIFIER = khanh.thai.UndefineTests;
				PRODUCT_NAME = "$(TARGET_NAME)";
				SWIFT_VERSION = 5.0;
				TARGETED_DEVICE_FAMILY = "1,2";
				TEST_HOST = "$(BUILT_PRODUCTS_DIR)/Undefine.app/Undefine";
			};
			name = Release;
		};
		04A812A22834A8C900227F6C /* Debug */ = {
			isa = XCBuildConfiguration;
			buildSettings = {
				ALWAYS_EMBED_SWIFT_STANDARD_LIBRARIES = YES;
				CODE_SIGN_STYLE = Automatic;
				DEVELOPMENT_TEAM = 27PFHM7YKU;
				INFOPLIST_FILE = UndefineUITests/Info.plist;
				LD_RUNPATH_SEARCH_PATHS = (
					"$(inherited)",
					"@executable_path/Frameworks",
					"@loader_path/Frameworks",
				);
				PRODUCT_BUNDLE_IDENTIFIER = khanh.thai.UndefineUITests;
				PRODUCT_NAME = "$(TARGET_NAME)";
				SWIFT_VERSION = 5.0;
				TARGETED_DEVICE_FAMILY = "1,2";
				TEST_TARGET_NAME = Undefine;
			};
			name = Debug;
		};
		04A812A32834A8C900227F6C /* Release */ = {
			isa = XCBuildConfiguration;
			buildSettings = {
				ALWAYS_EMBED_SWIFT_STANDARD_LIBRARIES = YES;
				CODE_SIGN_STYLE = Automatic;
				DEVELOPMENT_TEAM = 27PFHM7YKU;
				INFOPLIST_FILE = UndefineUITests/Info.plist;
				LD_RUNPATH_SEARCH_PATHS = (
					"$(inherited)",
					"@executable_path/Frameworks",
					"@loader_path/Frameworks",
				);
				PRODUCT_BUNDLE_IDENTIFIER = khanh.thai.UndefineUITests;
				PRODUCT_NAME = "$(TARGET_NAME)";
				SWIFT_VERSION = 5.0;
				TARGETED_DEVICE_FAMILY = "1,2";
				TEST_TARGET_NAME = Undefine;
			};
			name = Release;
		};
/* End XCBuildConfiguration section */

/* Begin XCConfigurationList section */
		04A812342834A8C600227F6C /* Build configuration list for PBXProject "Undefine" */ = {
			isa = XCConfigurationList;
			buildConfigurations = (
				04A812992834A8C900227F6C /* Debug */,
				04A8129A2834A8C900227F6C /* Release */,
			);
			defaultConfigurationIsVisible = 0;
			defaultConfigurationName = Release;
		};
		04A8129B2834A8C900227F6C /* Build configuration list for PBXNativeTarget "Undefine" */ = {
			isa = XCConfigurationList;
			buildConfigurations = (
				04A8129C2834A8C900227F6C /* Debug */,
				04A8129D2834A8C900227F6C /* Release */,
			);
			defaultConfigurationIsVisible = 0;
			defaultConfigurationName = Release;
		};
		04A8129E2834A8C900227F6C /* Build configuration list for PBXNativeTarget "UndefineTests" */ = {
			isa = XCConfigurationList;
			buildConfigurations = (
				04A8129F2834A8C900227F6C /* Debug */,
				04A812A02834A8C900227F6C /* Release */,
			);
			defaultConfigurationIsVisible = 0;
			defaultConfigurationName = Release;
		};
		04A812A12834A8C900227F6C /* Build configuration list for PBXNativeTarget "UndefineUITests" */ = {
			isa = XCConfigurationList;
			buildConfigurations = (
				04A812A22834A8C900227F6C /* Debug */,
				04A812A32834A8C900227F6C /* Release */,
			);
			defaultConfigurationIsVisible = 0;
			defaultConfigurationName = Release;
		};
/* End XCConfigurationList section */
	};
	rootObject = 04A812312834A8C600227F6C /* Project object */;
}
